
Microsoft Visual Studio Solution File, Format Version 12.00
# Visual Studio Version 17
VisualStudioVersion = 17.7.34031.279
MinimumVisualStudioVersion = 10.0.40219.1
Project("{2150E333-8FDC-42A3-9474-1A3956D46DE8}") = "Task0", "Task0", "{E3CD5926-C4FA-4FED-A854-62B82846B88A}"
EndProject
Project("{FAE04EC0-301F-11D3-BF4B-00C04F79EFBC}") = "Tyuiu.PomazDS.Sprint6.Task0.V7.Lib", "Tyuiu.PomazDS.Sprint6.Task0.V7.Lib\Tyuiu.PomazDS.Sprint6.Task0.V7.Lib.csproj", "{BC1779D2-DDAD-47C9-96E3-381051B86306}"
EndProject
Project("{FAE04EC0-301F-11D3-BF4B-00C04F79EFBC}") = "Tyuiu.PomazDS.Sprint6.Task0.V7.Test", "Tyuiu.PomazDS.Sprint6.Task0.V7.Test\Tyuiu.PomazDS.Sprint6.Task0.V7.Test.csproj", "{6C58C734-AB04-4A2F-A45C-52D28903F0BE}"
EndProject
Project("{FAE04EC0-301F-11D3-BF4B-00C04F79EFBC}") = "Tyuiu.PomazDS.Sprint6.Task0.V7", "Tyuiu.PomazDS.Sprint6.Task0.V7\Tyuiu.PomazDS.Sprint6.Task0.V7.csproj", "{06F1E231-88E4-43A3-8286-DB55F00848BF}"
EndProject
Project("{2150E333-8FDC-42A3-9474-1A3956D46DE8}") = "Task1", "Task1", "{4461DB00-A593-4830-9AAB-B8CB59DAE9EF}"
EndProject
Project("{FAE04EC0-301F-11D3-BF4B-00C04F79EFBC}") = "Tyuiu.PomazDS.Sprint6.Task1.V2.Lib", "Tyuiu.PomazDS.Sprint6.Task1.V2.Lib\Tyuiu.PomazDS.Sprint6.Task1.V2.Lib.csproj", "{500D26DD-4E9B-42CE-A122-3AFA464E2BB1}"
EndProject
Project("{FAE04EC0-301F-11D3-BF4B-00C04F79EFBC}") = "Tyuiu.PomazDS.Sprint6.Task1.V2", "Tyuiu.PomazDS.Sprint6.Task1.V2\Tyuiu.PomazDS.Sprint6.Task1.V2.csproj", "{A0B6420A-6FD1-45AD-8464-11F72607F0F0}"
EndProject
Project("{FAE04EC0-301F-11D3-BF4B-00C04F79EFBC}") = "Tyuiu.PomazDS.Sprint6.Task1.V2.Test", "Tyuiu.PomazDS.Sprint6.Task1.V2.Test\Tyuiu.PomazDS.Sprint6.Task1.V2.Test.csproj", "{22A271DA-FCCF-427D-8F18-FBB095D6EC3B}"
EndProject
Project("{2150E333-8FDC-42A3-9474-1A3956D46DE8}") = "Task2", "Task2", "{FB90997B-A71E-473C-A826-A58EFCD1C956}"
EndProject
Project("{FAE04EC0-301F-11D3-BF4B-00C04F79EFBC}") = "Tyuiu.PomazDS.Sprint6.Task2.V3.Lib", "Tyuiu.PomazDS.Sprint6.Task2.V3.Lib\Tyuiu.PomazDS.Sprint6.Task2.V3.Lib.csproj", "{0EE5113F-C4A1-4D95-A140-575B74F98AEE}"
EndProject
Project("{FAE04EC0-301F-11D3-BF4B-00C04F79EFBC}") = "Tyuiu.PomazDS.Sprint6.Task2.V3.Test", "Tyuiu.PomazDS.Sprint6.Task2.V3.Test\Tyuiu.PomazDS.Sprint6.Task2.V3.Test.csproj", "{1142EDA1-0A0A-413E-B38A-7332E768573F}"
EndProject
Project("{FAE04EC0-301F-11D3-BF4B-00C04F79EFBC}") = "Tyuiu.PomazDS.Sprint6.Task2.V3", "Tyuiu.PomazDS.Sprint6.Task2.V3\Tyuiu.PomazDS.Sprint6.Task2.V3.csproj", "{334089E0-D17B-44AD-B9F3-E6F0DBDCD210}"
EndProject
Global
	GlobalSection(SolutionConfigurationPlatforms) = preSolution
		Debug|Any CPU = Debug|Any CPU
		Release|Any CPU = Release|Any CPU
	EndGlobalSection
	GlobalSection(ProjectConfigurationPlatforms) = postSolution
		{BC1779D2-DDAD-47C9-96E3-381051B86306}.Debug|Any CPU.ActiveCfg = Debug|Any CPU
		{BC1779D2-DDAD-47C9-96E3-381051B86306}.Debug|Any CPU.Build.0 = Debug|Any CPU
		{BC1779D2-DDAD-47C9-96E3-381051B86306}.Release|Any CPU.ActiveCfg = Release|Any CPU
		{BC1779D2-DDAD-47C9-96E3-381051B86306}.Release|Any CPU.Build.0 = Release|Any CPU
		{6C58C734-AB04-4A2F-A45C-52D28903F0BE}.Debug|Any CPU.ActiveCfg = Debug|Any CPU
		{6C58C734-AB04-4A2F-A45C-52D28903F0BE}.Debug|Any CPU.Build.0 = Debug|Any CPU
		{6C58C734-AB04-4A2F-A45C-52D28903F0BE}.Release|Any CPU.ActiveCfg = Release|Any CPU
		{6C58C734-AB04-4A2F-A45C-52D28903F0BE}.Release|Any CPU.Build.0 = Release|Any CPU
		{06F1E231-88E4-43A3-8286-DB55F00848BF}.Debug|Any CPU.ActiveCfg = Debug|Any CPU
		{06F1E231-88E4-43A3-8286-DB55F00848BF}.Debug|Any CPU.Build.0 = Debug|Any CPU
		{06F1E231-88E4-43A3-8286-DB55F00848BF}.Release|Any CPU.ActiveCfg = Release|Any CPU
		{06F1E231-88E4-43A3-8286-DB55F00848BF}.Release|Any CPU.Build.0 = Release|Any CPU
		{500D26DD-4E9B-42CE-A122-3AFA464E2BB1}.Debug|Any CPU.ActiveCfg = Debug|Any CPU
		{500D26DD-4E9B-42CE-A122-3AFA464E2BB1}.Debug|Any CPU.Build.0 = Debug|Any CPU
		{500D26DD-4E9B-42CE-A122-3AFA464E2BB1}.Release|Any CPU.ActiveCfg = Release|Any CPU
		{500D26DD-4E9B-42CE-A122-3AFA464E2BB1}.Release|Any CPU.Build.0 = Release|Any CPU
		{A0B6420A-6FD1-45AD-8464-11F72607F0F0}.Debug|Any CPU.ActiveCfg = Debug|Any CPU
		{A0B6420A-6FD1-45AD-8464-11F72607F0F0}.Debug|Any CPU.Build.0 = Debug|Any CPU
		{A0B6420A-6FD1-45AD-8464-11F72607F0F0}.Release|Any CPU.ActiveCfg = Release|Any CPU
		{A0B6420A-6FD1-45AD-8464-11F72607F0F0}.Release|Any CPU.Build.0 = Release|Any CPU
		{22A271DA-FCCF-427D-8F18-FBB095D6EC3B}.Debug|Any CPU.ActiveCfg = Debug|Any CPU
		{22A271DA-FCCF-427D-8F18-FBB095D6EC3B}.Debug|Any CPU.Build.0 = Debug|Any CPU
		{22A271DA-FCCF-427D-8F18-FBB095D6EC3B}.Release|Any CPU.ActiveCfg = Release|Any CPU
		{22A271DA-FCCF-427D-8F18-FBB095D6EC3B}.Release|Any CPU.Build.0 = Release|Any CPU
		{0EE5113F-C4A1-4D95-A140-575B74F98AEE}.Debug|Any CPU.ActiveCfg = Debug|Any CPU
		{0EE5113F-C4A1-4D95-A140-575B74F98AEE}.Debug|Any CPU.Build.0 = Debug|Any CPU
		{0EE5113F-C4A1-4D95-A140-575B74F98AEE}.Release|Any CPU.ActiveCfg = Release|Any CPU
		{0EE5113F-C4A1-4D95-A140-575B74F98AEE}.Release|Any CPU.Build.0 = Release|Any CPU
		{1142EDA1-0A0A-413E-B38A-7332E768573F}.Debug|Any CPU.ActiveCfg = Debug|Any CPU
		{1142EDA1-0A0A-413E-B38A-7332E768573F}.Debug|Any CPU.Build.0 = Debug|Any CPU
		{1142EDA1-0A0A-413E-B38A-7332E768573F}.Release|Any CPU.ActiveCfg = Release|Any CPU
		{1142EDA1-0A0A-413E-B38A-7332E768573F}.Release|Any CPU.Build.0 = Release|Any CPU
		{334089E0-D17B-44AD-B9F3-E6F0DBDCD210}.Debug|Any CPU.ActiveCfg = Debug|Any CPU
		{334089E0-D17B-44AD-B9F3-E6F0DBDCD210}.Debug|Any CPU.Build.0 = Debug|Any CPU
		{334089E0-D17B-44AD-B9F3-E6F0DBDCD210}.Release|Any CPU.ActiveCfg = Release|Any CPU
		{334089E0-D17B-44AD-B9F3-E6F0DBDCD210}.Release|Any CPU.Build.0 = Release|Any CPU
	EndGlobalSection
	GlobalSection(SolutionProperties) = preSolution
		HideSolutionNode = FALSE
	EndGlobalSection
	GlobalSection(NestedProjects) = preSolution
		{BC1779D2-DDAD-47C9-96E3-381051B86306} = {E3CD5926-C4FA-4FED-A854-62B82846B88A}
		{6C58C734-AB04-4A2F-A45C-52D28903F0BE} = {E3CD5926-C4FA-4FED-A854-62B82846B88A}
		{06F1E231-88E4-43A3-8286-DB55F00848BF} = {E3CD5926-C4FA-4FED-A854-62B82846B88A}
		{500D26DD-4E9B-42CE-A122-3AFA464E2BB1} = {4461DB00-A593-4830-9AAB-B8CB59DAE9EF}
		{A0B6420A-6FD1-45AD-8464-11F72607F0F0} = {4461DB00-A593-4830-9AAB-B8CB59DAE9EF}
		{22A271DA-FCCF-427D-8F18-FBB095D6EC3B} = {4461DB00-A593-4830-9AAB-B8CB59DAE9EF}
		{0EE5113F-C4A1-4D95-A140-575B74F98AEE} = {FB90997B-A71E-473C-A826-A58EFCD1C956}
		{1142EDA1-0A0A-413E-B38A-7332E768573F} = {FB90997B-A71E-473C-A826-A58EFCD1C956}
		{334089E0-D17B-44AD-B9F3-E6F0DBDCD210} = {FB90997B-A71E-473C-A826-A58EFCD1C956}
	EndGlobalSection
	GlobalSection(ExtensibilityGlobals) = postSolution
		SolutionGuid = {E845D010-EF4C-47F9-BF71-7419A82DCDC6}
	EndGlobalSection
EndGlobal
