
Microsoft Visual Studio Solution File, Format Version 12.00
# Visual Studio Version 17
VisualStudioVersion = 17.7.34031.279
MinimumVisualStudioVersion = 10.0.40219.1
Project("{2150E333-8FDC-42A3-9474-1A3956D46DE8}") = "Task0", "Task0", "{E3CD5926-C4FA-4FED-A854-62B82846B88A}"
EndProject
Project("{FAE04EC0-301F-11D3-BF4B-00C04F79EFBC}") = "Tyuiu.PomazDS.Sprint6.Task0.V7.Lib", "Tyuiu.PomazDS.Sprint6.Task0.V7.Lib\Tyuiu.PomazDS.Sprint6.Task0.V7.Lib.csproj", "{BC1779D2-DDAD-47C9-96E3-381051B86306}"
EndProject
Project("{FAE04EC0-301F-11D3-BF4B-00C04F79EFBC}") = "Tyuiu.PomazDS.Sprint6.Task0.V7.Test", "Tyuiu.PomazDS.Sprint6.Task0.V7.Test\Tyuiu.PomazDS.Sprint6.Task0.V7.Test.csproj", "{6C58C734-AB04-4A2F-A45C-52D28903F0BE}"
EndProject
Project("{FAE04EC0-301F-11D3-BF4B-00C04F79EFBC}") = "Tyuiu.PomazDS.Sprint6.Task0.V7", "Tyuiu.PomazDS.Sprint6.Task0.V7\Tyuiu.PomazDS.Sprint6.Task0.V7.csproj", "{06F1E231-88E4-43A3-8286-DB55F00848BF}"
EndProject
Project("{2150E333-8FDC-42A3-9474-1A3956D46DE8}") = "Task1", "Task1", "{4461DB00-A593-4830-9AAB-B8CB59DAE9EF}"
EndProject
Project("{FAE04EC0-301F-11D3-BF4B-00C04F79EFBC}") = "Tyuiu.PomazDS.Sprint6.Task1.V2.Lib", "Tyuiu.PomazDS.Sprint6.Task1.V2.Lib\Tyuiu.PomazDS.Sprint6.Task1.V2.Lib.csproj", "{500D26DD-4E9B-42CE-A122-3AFA464E2BB1}"
EndProject
Project("{FAE04EC0-301F-11D3-BF4B-00C04F79EFBC}") = "Tyuiu.PomazDS.Sprint6.Task1.V2", "Tyuiu.PomazDS.Sprint6.Task1.V2\Tyuiu.PomazDS.Sprint6.Task1.V2.csproj", "{A0B6420A-6FD1-45AD-8464-11F72607F0F0}"
EndProject
Project("{FAE04EC0-301F-11D3-BF4B-00C04F79EFBC}") = "Tyuiu.PomazDS.Sprint6.Task1.V2.Test", "Tyuiu.PomazDS.Sprint6.Task1.V2.Test\Tyuiu.PomazDS.Sprint6.Task1.V2.Test.csproj", "{22A271DA-FCCF-427D-8F18-FBB095D6EC3B}"
EndProject
Project("{2150E333-8FDC-42A3-9474-1A3956D46DE8}") = "Task2", "Task2", "{FB90997B-A71E-473C-A826-A58EFCD1C956}"
EndProject
Project("{FAE04EC0-301F-11D3-BF4B-00C04F79EFBC}") = "Tyuiu.PomazDS.Sprint6.Task2.V3.Lib", "Tyuiu.PomazDS.Sprint6.Task2.V3.Lib\Tyuiu.PomazDS.Sprint6.Task2.V3.Lib.csproj", "{0EE5113F-C4A1-4D95-A140-575B74F98AEE}"
EndProject
Project("{FAE04EC0-301F-11D3-BF4B-00C04F79EFBC}") = "Tyuiu.PomazDS.Sprint6.Task2.V3.Test", "Tyuiu.PomazDS.Sprint6.Task2.V3.Test\Tyuiu.PomazDS.Sprint6.Task2.V3.Test.csproj", "{1142EDA1-0A0A-413E-B38A-7332E768573F}"
EndProject
Project("{FAE04EC0-301F-11D3-BF4B-00C04F79EFBC}") = "Tyuiu.PomazDS.Sprint6.Task2.V3", "Tyuiu.PomazDS.Sprint6.Task2.V3\Tyuiu.PomazDS.Sprint6.Task2.V3.csproj", "{334089E0-D17B-44AD-B9F3-E6F0DBDCD210}"
EndProject
Project("{2150E333-8FDC-42A3-9474-1A3956D46DE8}") = "Task3", "Task3", "{DFA04464-043C-450B-AC73-0AC34307F115}"
EndProject
Project("{FAE04EC0-301F-11D3-BF4B-00C04F79EFBC}") = "Tyuiu.PomazDS.Sprint6.Task3.V9.Lib", "Tyuiu.PomazDS.Sprint6.Task3.V9.Lib\Tyuiu.PomazDS.Sprint6.Task3.V9.Lib.csproj", "{5BA80DDC-5661-4AFB-981D-B47C19A360BC}"
EndProject
Project("{FAE04EC0-301F-11D3-BF4B-00C04F79EFBC}") = "Tyuiu.PomazDS.Sprint6.Task3.V9.Test", "Tyuiu.PomazDS.Sprint6.Task3.V9.Test\Tyuiu.PomazDS.Sprint6.Task3.V9.Test.csproj", "{AC4E1FAF-731E-4102-A087-DBBA2D0F3380}"
EndProject
Project("{FAE04EC0-301F-11D3-BF4B-00C04F79EFBC}") = "Tyuiu.PomazDS.Sprint6.Task3.V9", "Tyuiu.PomazDS.Sprint6.Task3.V9\Tyuiu.PomazDS.Sprint6.Task3.V9.csproj", "{36F39F30-BDBE-47CC-8298-8CD1F3E1F8FB}"
EndProject
Project("{2150E333-8FDC-42A3-9474-1A3956D46DE8}") = "Task4", "Task4", "{178DBB96-58C3-462F-B9F8-20799E8E4D77}"
EndProject
Project("{FAE04EC0-301F-11D3-BF4B-00C04F79EFBC}") = "Tyuiu.PomazDS.Sprint6.Task4.V1.Lib", "Tyuiu.PomazDS.Sprint6.Task4.V1.Lib\Tyuiu.PomazDS.Sprint6.Task4.V1.Lib.csproj", "{D20D89E9-C143-4940-B530-F89A1E05AFC3}"
EndProject
Project("{FAE04EC0-301F-11D3-BF4B-00C04F79EFBC}") = "Tyuiu.PomazDS.Sprint6.Task4.V1", "Tyuiu.PomazDS.Sprint6.Task4.V1\Tyuiu.PomazDS.Sprint6.Task4.V1.csproj", "{F31A851E-7734-4E15-A910-3CBE81A80A3B}"
EndProject
Project("{FAE04EC0-301F-11D3-BF4B-00C04F79EFBC}") = "Tyuiu.PomazDS.Sprint6.Task4.V1.Test", "Tyuiu.PomazDS.Sprint6.Task4.V1.Test\Tyuiu.PomazDS.Sprint6.Task4.V1.Test.csproj", "{101C837C-1FDE-441E-A9AF-E89680D6CCB5}"
EndProject
Project("{2150E333-8FDC-42A3-9474-1A3956D46DE8}") = "Task5", "Task5", "{A612956E-7769-4E9E-99E7-3704BB2F8DE6}"
EndProject
Project("{FAE04EC0-301F-11D3-BF4B-00C04F79EFBC}") = "Tyuiu.PomazDS.Sprint6.Task5.V17.Lib", "Tyuiu.PomazDS.Sprint6.Task5.V17.Lib\Tyuiu.PomazDS.Sprint6.Task5.V17.Lib.csproj", "{CAFD1F59-61BD-4800-B9F4-3F199C202203}"
EndProject
Project("{FAE04EC0-301F-11D3-BF4B-00C04F79EFBC}") = "Tyuiu.PomazDS.Sprint6.Task5.V17.Test", "Tyuiu.PomazDS.Sprint6.Task5.V17.Test\Tyuiu.PomazDS.Sprint6.Task5.V17.Test.csproj", "{5E44B098-3B6F-4999-A86E-2F06123F6ADA}"
EndProject
Project("{FAE04EC0-301F-11D3-BF4B-00C04F79EFBC}") = "Tyuiu.PomazDS.Sprint6.Task5.V17", "Tyuiu.PomazDS.Sprint6.Task5.V17\Tyuiu.PomazDS.Sprint6.Task5.V17.csproj", "{3E0BBCE2-4EF6-4DD2-84DC-C2659D446416}"
EndProject
Project("{2150E333-8FDC-42A3-9474-1A3956D46DE8}") = "Task6", "Task6", "{8F1DDC85-A2FE-4CB3-8349-62BF0C822468}"
EndProject
Project("{FAE04EC0-301F-11D3-BF4B-00C04F79EFBC}") = "Tyuiu.PomazDS.Sprint6.Task6.V13.Test", "Tyuiu.PomazDS.Sprint6.Task6.V13.Test\Tyuiu.PomazDS.Sprint6.Task6.V13.Test.csproj", "{417694C6-3E19-4D54-B3E5-17E28C8C276E}"
EndProject
Project("{FAE04EC0-301F-11D3-BF4B-00C04F79EFBC}") = "Tyuiu.PomazDS.Sprint6.Task6.V13", "Tyuiu.PomazDS.Sprint6.Task6.V13\Tyuiu.PomazDS.Sprint6.Task6.V13.csproj", "{E877CA86-5EEA-4A22-8E76-A34B9A004983}"
EndProject
Project("{FAE04EC0-301F-11D3-BF4B-00C04F79EFBC}") = "Tyuiu.PomazDS.Sprint6.Task6.V13.Lib", "Tyuiu.PomazDS.Sprint6.Task6.V13.Lib\Tyuiu.PomazDS.Sprint6.Task6.V13.Lib.csproj", "{7EDF8E03-2EAA-4A9B-B0F8-F96B64140B2A}"
EndProject
Global
	GlobalSection(SolutionConfigurationPlatforms) = preSolution
		Debug|Any CPU = Debug|Any CPU
		Release|Any CPU = Release|Any CPU
	EndGlobalSection
	GlobalSection(ProjectConfigurationPlatforms) = postSolution
		{BC1779D2-DDAD-47C9-96E3-381051B86306}.Debug|Any CPU.ActiveCfg = Debug|Any CPU
		{BC1779D2-DDAD-47C9-96E3-381051B86306}.Debug|Any CPU.Build.0 = Debug|Any CPU
		{BC1779D2-DDAD-47C9-96E3-381051B86306}.Release|Any CPU.ActiveCfg = Release|Any CPU
		{BC1779D2-DDAD-47C9-96E3-381051B86306}.Release|Any CPU.Build.0 = Release|Any CPU
		{6C58C734-AB04-4A2F-A45C-52D28903F0BE}.Debug|Any CPU.ActiveCfg = Debug|Any CPU
		{6C58C734-AB04-4A2F-A45C-52D28903F0BE}.Debug|Any CPU.Build.0 = Debug|Any CPU
		{6C58C734-AB04-4A2F-A45C-52D28903F0BE}.Release|Any CPU.ActiveCfg = Release|Any CPU
		{6C58C734-AB04-4A2F-A45C-52D28903F0BE}.Release|Any CPU.Build.0 = Release|Any CPU
		{06F1E231-88E4-43A3-8286-DB55F00848BF}.Debug|Any CPU.ActiveCfg = Debug|Any CPU
		{06F1E231-88E4-43A3-8286-DB55F00848BF}.Debug|Any CPU.Build.0 = Debug|Any CPU
		{06F1E231-88E4-43A3-8286-DB55F00848BF}.Release|Any CPU.ActiveCfg = Release|Any CPU
		{06F1E231-88E4-43A3-8286-DB55F00848BF}.Release|Any CPU.Build.0 = Release|Any CPU
		{500D26DD-4E9B-42CE-A122-3AFA464E2BB1}.Debug|Any CPU.ActiveCfg = Debug|Any CPU
		{500D26DD-4E9B-42CE-A122-3AFA464E2BB1}.Debug|Any CPU.Build.0 = Debug|Any CPU
		{500D26DD-4E9B-42CE-A122-3AFA464E2BB1}.Release|Any CPU.ActiveCfg = Release|Any CPU
		{500D26DD-4E9B-42CE-A122-3AFA464E2BB1}.Release|Any CPU.Build.0 = Release|Any CPU
		{A0B6420A-6FD1-45AD-8464-11F72607F0F0}.Debug|Any CPU.ActiveCfg = Debug|Any CPU
		{A0B6420A-6FD1-45AD-8464-11F72607F0F0}.Debug|Any CPU.Build.0 = Debug|Any CPU
		{A0B6420A-6FD1-45AD-8464-11F72607F0F0}.Release|Any CPU.ActiveCfg = Release|Any CPU
		{A0B6420A-6FD1-45AD-8464-11F72607F0F0}.Release|Any CPU.Build.0 = Release|Any CPU
		{22A271DA-FCCF-427D-8F18-FBB095D6EC3B}.Debug|Any CPU.ActiveCfg = Debug|Any CPU
		{22A271DA-FCCF-427D-8F18-FBB095D6EC3B}.Debug|Any CPU.Build.0 = Debug|Any CPU
		{22A271DA-FCCF-427D-8F18-FBB095D6EC3B}.Release|Any CPU.ActiveCfg = Release|Any CPU
		{22A271DA-FCCF-427D-8F18-FBB095D6EC3B}.Release|Any CPU.Build.0 = Release|Any CPU
		{0EE5113F-C4A1-4D95-A140-575B74F98AEE}.Debug|Any CPU.ActiveCfg = Debug|Any CPU
		{0EE5113F-C4A1-4D95-A140-575B74F98AEE}.Debug|Any CPU.Build.0 = Debug|Any CPU
		{0EE5113F-C4A1-4D95-A140-575B74F98AEE}.Release|Any CPU.ActiveCfg = Release|Any CPU
		{0EE5113F-C4A1-4D95-A140-575B74F98AEE}.Release|Any CPU.Build.0 = Release|Any CPU
		{1142EDA1-0A0A-413E-B38A-7332E768573F}.Debug|Any CPU.ActiveCfg = Debug|Any CPU
		{1142EDA1-0A0A-413E-B38A-7332E768573F}.Debug|Any CPU.Build.0 = Debug|Any CPU
		{1142EDA1-0A0A-413E-B38A-7332E768573F}.Release|Any CPU.ActiveCfg = Release|Any CPU
		{1142EDA1-0A0A-413E-B38A-7332E768573F}.Release|Any CPU.Build.0 = Release|Any CPU
		{334089E0-D17B-44AD-B9F3-E6F0DBDCD210}.Debug|Any CPU.ActiveCfg = Debug|Any CPU
		{334089E0-D17B-44AD-B9F3-E6F0DBDCD210}.Debug|Any CPU.Build.0 = Debug|Any CPU
		{334089E0-D17B-44AD-B9F3-E6F0DBDCD210}.Release|Any CPU.ActiveCfg = Release|Any CPU
		{334089E0-D17B-44AD-B9F3-E6F0DBDCD210}.Release|Any CPU.Build.0 = Release|Any CPU
		{5BA80DDC-5661-4AFB-981D-B47C19A360BC}.Debug|Any CPU.ActiveCfg = Debug|Any CPU
		{5BA80DDC-5661-4AFB-981D-B47C19A360BC}.Debug|Any CPU.Build.0 = Debug|Any CPU
		{5BA80DDC-5661-4AFB-981D-B47C19A360BC}.Release|Any CPU.ActiveCfg = Release|Any CPU
		{5BA80DDC-5661-4AFB-981D-B47C19A360BC}.Release|Any CPU.Build.0 = Release|Any CPU
		{AC4E1FAF-731E-4102-A087-DBBA2D0F3380}.Debug|Any CPU.ActiveCfg = Debug|Any CPU
		{AC4E1FAF-731E-4102-A087-DBBA2D0F3380}.Debug|Any CPU.Build.0 = Debug|Any CPU
		{AC4E1FAF-731E-4102-A087-DBBA2D0F3380}.Release|Any CPU.ActiveCfg = Release|Any CPU
		{AC4E1FAF-731E-4102-A087-DBBA2D0F3380}.Release|Any CPU.Build.0 = Release|Any CPU
		{36F39F30-BDBE-47CC-8298-8CD1F3E1F8FB}.Debug|Any CPU.ActiveCfg = Debug|Any CPU
		{36F39F30-BDBE-47CC-8298-8CD1F3E1F8FB}.Debug|Any CPU.Build.0 = Debug|Any CPU
		{36F39F30-BDBE-47CC-8298-8CD1F3E1F8FB}.Release|Any CPU.ActiveCfg = Release|Any CPU
		{36F39F30-BDBE-47CC-8298-8CD1F3E1F8FB}.Release|Any CPU.Build.0 = Release|Any CPU
		{D20D89E9-C143-4940-B530-F89A1E05AFC3}.Debug|Any CPU.ActiveCfg = Debug|Any CPU
		{D20D89E9-C143-4940-B530-F89A1E05AFC3}.Debug|Any CPU.Build.0 = Debug|Any CPU
		{D20D89E9-C143-4940-B530-F89A1E05AFC3}.Release|Any CPU.ActiveCfg = Release|Any CPU
		{D20D89E9-C143-4940-B530-F89A1E05AFC3}.Release|Any CPU.Build.0 = Release|Any CPU
		{F31A851E-7734-4E15-A910-3CBE81A80A3B}.Debug|Any CPU.ActiveCfg = Debug|Any CPU
		{F31A851E-7734-4E15-A910-3CBE81A80A3B}.Debug|Any CPU.Build.0 = Debug|Any CPU
		{F31A851E-7734-4E15-A910-3CBE81A80A3B}.Release|Any CPU.ActiveCfg = Release|Any CPU
		{F31A851E-7734-4E15-A910-3CBE81A80A3B}.Release|Any CPU.Build.0 = Release|Any CPU
		{101C837C-1FDE-441E-A9AF-E89680D6CCB5}.Debug|Any CPU.ActiveCfg = Debug|Any CPU
		{101C837C-1FDE-441E-A9AF-E89680D6CCB5}.Debug|Any CPU.Build.0 = Debug|Any CPU
		{101C837C-1FDE-441E-A9AF-E89680D6CCB5}.Release|Any CPU.ActiveCfg = Release|Any CPU
		{101C837C-1FDE-441E-A9AF-E89680D6CCB5}.Release|Any CPU.Build.0 = Release|Any CPU
		{CAFD1F59-61BD-4800-B9F4-3F199C202203}.Debug|Any CPU.ActiveCfg = Debug|Any CPU
		{CAFD1F59-61BD-4800-B9F4-3F199C202203}.Debug|Any CPU.Build.0 = Debug|Any CPU
		{CAFD1F59-61BD-4800-B9F4-3F199C202203}.Release|Any CPU.ActiveCfg = Release|Any CPU
		{CAFD1F59-61BD-4800-B9F4-3F199C202203}.Release|Any CPU.Build.0 = Release|Any CPU
		{5E44B098-3B6F-4999-A86E-2F06123F6ADA}.Debug|Any CPU.ActiveCfg = Debug|Any CPU
		{5E44B098-3B6F-4999-A86E-2F06123F6ADA}.Debug|Any CPU.Build.0 = Debug|Any CPU
		{5E44B098-3B6F-4999-A86E-2F06123F6ADA}.Release|Any CPU.ActiveCfg = Release|Any CPU
		{5E44B098-3B6F-4999-A86E-2F06123F6ADA}.Release|Any CPU.Build.0 = Release|Any CPU
		{3E0BBCE2-4EF6-4DD2-84DC-C2659D446416}.Debug|Any CPU.ActiveCfg = Debug|Any CPU
		{3E0BBCE2-4EF6-4DD2-84DC-C2659D446416}.Debug|Any CPU.Build.0 = Debug|Any CPU
		{3E0BBCE2-4EF6-4DD2-84DC-C2659D446416}.Release|Any CPU.ActiveCfg = Release|Any CPU
		{3E0BBCE2-4EF6-4DD2-84DC-C2659D446416}.Release|Any CPU.Build.0 = Release|Any CPU
		{417694C6-3E19-4D54-B3E5-17E28C8C276E}.Debug|Any CPU.ActiveCfg = Debug|Any CPU
		{417694C6-3E19-4D54-B3E5-17E28C8C276E}.Debug|Any CPU.Build.0 = Debug|Any CPU
		{417694C6-3E19-4D54-B3E5-17E28C8C276E}.Release|Any CPU.ActiveCfg = Release|Any CPU
		{417694C6-3E19-4D54-B3E5-17E28C8C276E}.Release|Any CPU.Build.0 = Release|Any CPU
		{E877CA86-5EEA-4A22-8E76-A34B9A004983}.Debug|Any CPU.ActiveCfg = Debug|Any CPU
		{E877CA86-5EEA-4A22-8E76-A34B9A004983}.Debug|Any CPU.Build.0 = Debug|Any CPU
		{E877CA86-5EEA-4A22-8E76-A34B9A004983}.Release|Any CPU.ActiveCfg = Release|Any CPU
		{E877CA86-5EEA-4A22-8E76-A34B9A004983}.Release|Any CPU.Build.0 = Release|Any CPU
		{7EDF8E03-2EAA-4A9B-B0F8-F96B64140B2A}.Debug|Any CPU.ActiveCfg = Debug|Any CPU
		{7EDF8E03-2EAA-4A9B-B0F8-F96B64140B2A}.Debug|Any CPU.Build.0 = Debug|Any CPU
		{7EDF8E03-2EAA-4A9B-B0F8-F96B64140B2A}.Release|Any CPU.ActiveCfg = Release|Any CPU
		{7EDF8E03-2EAA-4A9B-B0F8-F96B64140B2A}.Release|Any CPU.Build.0 = Release|Any CPU
	EndGlobalSection
	GlobalSection(SolutionProperties) = preSolution
		HideSolutionNode = FALSE
	EndGlobalSection
	GlobalSection(NestedProjects) = preSolution
		{BC1779D2-DDAD-47C9-96E3-381051B86306} = {E3CD5926-C4FA-4FED-A854-62B82846B88A}
		{6C58C734-AB04-4A2F-A45C-52D28903F0BE} = {E3CD5926-C4FA-4FED-A854-62B82846B88A}
		{06F1E231-88E4-43A3-8286-DB55F00848BF} = {E3CD5926-C4FA-4FED-A854-62B82846B88A}
		{500D26DD-4E9B-42CE-A122-3AFA464E2BB1} = {4461DB00-A593-4830-9AAB-B8CB59DAE9EF}
		{A0B6420A-6FD1-45AD-8464-11F72607F0F0} = {4461DB00-A593-4830-9AAB-B8CB59DAE9EF}
		{22A271DA-FCCF-427D-8F18-FBB095D6EC3B} = {4461DB00-A593-4830-9AAB-B8CB59DAE9EF}
		{0EE5113F-C4A1-4D95-A140-575B74F98AEE} = {FB90997B-A71E-473C-A826-A58EFCD1C956}
		{1142EDA1-0A0A-413E-B38A-7332E768573F} = {FB90997B-A71E-473C-A826-A58EFCD1C956}
		{334089E0-D17B-44AD-B9F3-E6F0DBDCD210} = {FB90997B-A71E-473C-A826-A58EFCD1C956}
		{5BA80DDC-5661-4AFB-981D-B47C19A360BC} = {DFA04464-043C-450B-AC73-0AC34307F115}
		{AC4E1FAF-731E-4102-A087-DBBA2D0F3380} = {DFA04464-043C-450B-AC73-0AC34307F115}
		{36F39F30-BDBE-47CC-8298-8CD1F3E1F8FB} = {DFA04464-043C-450B-AC73-0AC34307F115}
		{D20D89E9-C143-4940-B530-F89A1E05AFC3} = {178DBB96-58C3-462F-B9F8-20799E8E4D77}
		{F31A851E-7734-4E15-A910-3CBE81A80A3B} = {178DBB96-58C3-462F-B9F8-20799E8E4D77}
		{101C837C-1FDE-441E-A9AF-E89680D6CCB5} = {178DBB96-58C3-462F-B9F8-20799E8E4D77}
		{CAFD1F59-61BD-4800-B9F4-3F199C202203} = {A612956E-7769-4E9E-99E7-3704BB2F8DE6}
		{5E44B098-3B6F-4999-A86E-2F06123F6ADA} = {A612956E-7769-4E9E-99E7-3704BB2F8DE6}
		{3E0BBCE2-4EF6-4DD2-84DC-C2659D446416} = {A612956E-7769-4E9E-99E7-3704BB2F8DE6}
		{417694C6-3E19-4D54-B3E5-17E28C8C276E} = {8F1DDC85-A2FE-4CB3-8349-62BF0C822468}
		{E877CA86-5EEA-4A22-8E76-A34B9A004983} = {8F1DDC85-A2FE-4CB3-8349-62BF0C822468}
		{7EDF8E03-2EAA-4A9B-B0F8-F96B64140B2A} = {8F1DDC85-A2FE-4CB3-8349-62BF0C822468}
	EndGlobalSection
	GlobalSection(ExtensibilityGlobals) = postSolution
		SolutionGuid = {E845D010-EF4C-47F9-BF71-7419A82DCDC6}
	EndGlobalSection
EndGlobal
